
Microsoft Visual Studio Solution File, Format Version 12.00
# Visual Studio Version 17
VisualStudioVersion = 17.7.34202.233
MinimumVisualStudioVersion = 10.0.40219.1
Project("{FAE04EC0-301F-11D3-BF4B-00C04F79EFBC}") = "HW_005", "HW_005\HW_005.csproj", "{1AE829ED-2CB3-41AC-82FC-957543760801}"
EndProject
Global
	GlobalSection(SolutionConfigurationPlatforms) = preSolution
		Debug|Any CPU = Debug|Any CPU
		Release|Any CPU = Release|Any CPU
	EndGlobalSection
	GlobalSection(ProjectConfigurationPlatforms) = postSolution
		{1AE829ED-2CB3-41AC-82FC-957543760801}.Debug|Any CPU.ActiveCfg = Debug|Any CPU
		{1AE829ED-2CB3-41AC-82FC-957543760801}.Debug|Any CPU.Build.0 = Debug|Any CPU
		{1AE829ED-2CB3-41AC-82FC-957543760801}.Release|Any CPU.ActiveCfg = Release|Any CPU
		{1AE829ED-2CB3-41AC-82FC-957543760801}.Release|Any CPU.Build.0 = Release|Any CPU
	EndGlobalSection
	GlobalSection(SolutionProperties) = preSolution
		HideSolutionNode = FALSE
	EndGlobalSection
	GlobalSection(ExtensibilityGlobals) = postSolution
		SolutionGuid = {24591067-9832-42DD-9173-8584AF9E9781}
	EndGlobalSection
EndGlobal
