
Microsoft Visual Studio Solution File, Format Version 12.00
# Visual Studio Version 17
VisualStudioVersion = 17.10.35004.147
MinimumVisualStudioVersion = 10.0.40219.1
Project("{FAE04EC0-301F-11D3-BF4B-00C04F79EFBC}") = "HW_042", "HW_042\HW_042.csproj", "{C15E0B8E-208C-4BFF-A95B-18538B90A5C0}"
EndProject
Global
	GlobalSection(SolutionConfigurationPlatforms) = preSolution
		Debug|Any CPU = Debug|Any CPU
		Release|Any CPU = Release|Any CPU
	EndGlobalSection
	GlobalSection(ProjectConfigurationPlatforms) = postSolution
		{C15E0B8E-208C-4BFF-A95B-18538B90A5C0}.Debug|Any CPU.ActiveCfg = Debug|Any CPU
		{C15E0B8E-208C-4BFF-A95B-18538B90A5C0}.Debug|Any CPU.Build.0 = Debug|Any CPU
		{C15E0B8E-208C-4BFF-A95B-18538B90A5C0}.Release|Any CPU.ActiveCfg = Release|Any CPU
		{C15E0B8E-208C-4BFF-A95B-18538B90A5C0}.Release|Any CPU.Build.0 = Release|Any CPU
	EndGlobalSection
	GlobalSection(SolutionProperties) = preSolution
		HideSolutionNode = FALSE
	EndGlobalSection
	GlobalSection(ExtensibilityGlobals) = postSolution
		SolutionGuid = {739E35DC-FB2E-4343-92C5-672C3570AB57}
	EndGlobalSection
EndGlobal
