
Microsoft Visual Studio Solution File, Format Version 12.00
# Visual Studio Version 17
VisualStudioVersion = 17.7.34202.233
MinimumVisualStudioVersion = 10.0.40219.1
Project("{FAE04EC0-301F-11D3-BF4B-00C04F79EFBC}") = "HW_007", "HW_007\HW_007.csproj", "{0FF89472-3761-473D-A51F-E3DFD2A03D6C}"
EndProject
Global
	GlobalSection(SolutionConfigurationPlatforms) = preSolution
		Debug|Any CPU = Debug|Any CPU
		Release|Any CPU = Release|Any CPU
	EndGlobalSection
	GlobalSection(ProjectConfigurationPlatforms) = postSolution
		{0FF89472-3761-473D-A51F-E3DFD2A03D6C}.Debug|Any CPU.ActiveCfg = Debug|Any CPU
		{0FF89472-3761-473D-A51F-E3DFD2A03D6C}.Debug|Any CPU.Build.0 = Debug|Any CPU
		{0FF89472-3761-473D-A51F-E3DFD2A03D6C}.Release|Any CPU.ActiveCfg = Release|Any CPU
		{0FF89472-3761-473D-A51F-E3DFD2A03D6C}.Release|Any CPU.Build.0 = Release|Any CPU
	EndGlobalSection
	GlobalSection(SolutionProperties) = preSolution
		HideSolutionNode = FALSE
	EndGlobalSection
	GlobalSection(ExtensibilityGlobals) = postSolution
		SolutionGuid = {CFBFFBC1-C940-47E4-BDB7-03F440BED073}
	EndGlobalSection
EndGlobal
