
Microsoft Visual Studio Solution File, Format Version 12.00
# Visual Studio Version 17
VisualStudioVersion = 17.7.34202.233
MinimumVisualStudioVersion = 10.0.40219.1
Project("{FAE04EC0-301F-11D3-BF4B-00C04F79EFBC}") = "HW_011", "HW_011\HW_011.csproj", "{016A8BA9-AFEE-4648-9123-27D6C0FB632C}"
EndProject
Global
	GlobalSection(SolutionConfigurationPlatforms) = preSolution
		Debug|Any CPU = Debug|Any CPU
		Release|Any CPU = Release|Any CPU
	EndGlobalSection
	GlobalSection(ProjectConfigurationPlatforms) = postSolution
		{016A8BA9-AFEE-4648-9123-27D6C0FB632C}.Debug|Any CPU.ActiveCfg = Debug|Any CPU
		{016A8BA9-AFEE-4648-9123-27D6C0FB632C}.Debug|Any CPU.Build.0 = Debug|Any CPU
		{016A8BA9-AFEE-4648-9123-27D6C0FB632C}.Release|Any CPU.ActiveCfg = Release|Any CPU
		{016A8BA9-AFEE-4648-9123-27D6C0FB632C}.Release|Any CPU.Build.0 = Release|Any CPU
	EndGlobalSection
	GlobalSection(SolutionProperties) = preSolution
		HideSolutionNode = FALSE
	EndGlobalSection
	GlobalSection(ExtensibilityGlobals) = postSolution
		SolutionGuid = {637C7A83-2EE6-4FF6-A933-C89F9DEEF716}
	EndGlobalSection
EndGlobal
