
Microsoft Visual Studio Solution File, Format Version 12.00
# Visual Studio Version 17
VisualStudioVersion = 17.10.35004.147
MinimumVisualStudioVersion = 10.0.40219.1
Project("{FAE04EC0-301F-11D3-BF4B-00C04F79EFBC}") = "HW_035", "HW_035\HW_035.csproj", "{D6F86500-283F-40F6-9758-AFA01173D68A}"
EndProject
Global
	GlobalSection(SolutionConfigurationPlatforms) = preSolution
		Debug|Any CPU = Debug|Any CPU
		Release|Any CPU = Release|Any CPU
	EndGlobalSection
	GlobalSection(ProjectConfigurationPlatforms) = postSolution
		{D6F86500-283F-40F6-9758-AFA01173D68A}.Debug|Any CPU.ActiveCfg = Debug|Any CPU
		{D6F86500-283F-40F6-9758-AFA01173D68A}.Debug|Any CPU.Build.0 = Debug|Any CPU
		{D6F86500-283F-40F6-9758-AFA01173D68A}.Release|Any CPU.ActiveCfg = Release|Any CPU
		{D6F86500-283F-40F6-9758-AFA01173D68A}.Release|Any CPU.Build.0 = Release|Any CPU
	EndGlobalSection
	GlobalSection(SolutionProperties) = preSolution
		HideSolutionNode = FALSE
	EndGlobalSection
	GlobalSection(ExtensibilityGlobals) = postSolution
		SolutionGuid = {55753907-0574-4C0A-9FA5-C291891F96FE}
	EndGlobalSection
EndGlobal
