
Microsoft Visual Studio Solution File, Format Version 12.00
# Visual Studio Version 17
VisualStudioVersion = 17.7.34202.233
MinimumVisualStudioVersion = 10.0.40219.1
Project("{FAE04EC0-301F-11D3-BF4B-00C04F79EFBC}") = "HW_014", "HW_014\HW_014.csproj", "{6347D1A8-33EB-4A2C-9373-61F5CB3B04A9}"
EndProject
Global
	GlobalSection(SolutionConfigurationPlatforms) = preSolution
		Debug|Any CPU = Debug|Any CPU
		Release|Any CPU = Release|Any CPU
	EndGlobalSection
	GlobalSection(ProjectConfigurationPlatforms) = postSolution
		{6347D1A8-33EB-4A2C-9373-61F5CB3B04A9}.Debug|Any CPU.ActiveCfg = Debug|Any CPU
		{6347D1A8-33EB-4A2C-9373-61F5CB3B04A9}.Debug|Any CPU.Build.0 = Debug|Any CPU
		{6347D1A8-33EB-4A2C-9373-61F5CB3B04A9}.Release|Any CPU.ActiveCfg = Release|Any CPU
		{6347D1A8-33EB-4A2C-9373-61F5CB3B04A9}.Release|Any CPU.Build.0 = Release|Any CPU
	EndGlobalSection
	GlobalSection(SolutionProperties) = preSolution
		HideSolutionNode = FALSE
	EndGlobalSection
	GlobalSection(ExtensibilityGlobals) = postSolution
		SolutionGuid = {A4048E85-AACC-4F78-8236-F3D23A4FD897}
	EndGlobalSection
EndGlobal
