
Microsoft Visual Studio Solution File, Format Version 12.00
# Visual Studio Version 17
VisualStudioVersion = 17.10.35004.147
MinimumVisualStudioVersion = 10.0.40219.1
Project("{FAE04EC0-301F-11D3-BF4B-00C04F79EFBC}") = "HW_031b", "HW_031b\HW_031b.csproj", "{2F5ECC44-961C-4F38-ACB2-CDC73942204E}"
EndProject
Global
	GlobalSection(SolutionConfigurationPlatforms) = preSolution
		Debug|Any CPU = Debug|Any CPU
		Release|Any CPU = Release|Any CPU
	EndGlobalSection
	GlobalSection(ProjectConfigurationPlatforms) = postSolution
		{2F5ECC44-961C-4F38-ACB2-CDC73942204E}.Debug|Any CPU.ActiveCfg = Debug|Any CPU
		{2F5ECC44-961C-4F38-ACB2-CDC73942204E}.Debug|Any CPU.Build.0 = Debug|Any CPU
		{2F5ECC44-961C-4F38-ACB2-CDC73942204E}.Release|Any CPU.ActiveCfg = Release|Any CPU
		{2F5ECC44-961C-4F38-ACB2-CDC73942204E}.Release|Any CPU.Build.0 = Release|Any CPU
	EndGlobalSection
	GlobalSection(SolutionProperties) = preSolution
		HideSolutionNode = FALSE
	EndGlobalSection
	GlobalSection(ExtensibilityGlobals) = postSolution
		SolutionGuid = {18BE658C-B9E3-429E-AF31-9A57C02E7738}
	EndGlobalSection
EndGlobal
