
Microsoft Visual Studio Solution File, Format Version 12.00
# Visual Studio Version 17
VisualStudioVersion = 17.10.35004.147
MinimumVisualStudioVersion = 10.0.40219.1
Project("{FAE04EC0-301F-11D3-BF4B-00C04F79EFBC}") = "HW_036", "HW_036\HW_036.csproj", "{C4EC656D-7C98-478A-8654-D061C51E1C79}"
EndProject
Global
	GlobalSection(SolutionConfigurationPlatforms) = preSolution
		Debug|Any CPU = Debug|Any CPU
		Release|Any CPU = Release|Any CPU
	EndGlobalSection
	GlobalSection(ProjectConfigurationPlatforms) = postSolution
		{C4EC656D-7C98-478A-8654-D061C51E1C79}.Debug|Any CPU.ActiveCfg = Debug|Any CPU
		{C4EC656D-7C98-478A-8654-D061C51E1C79}.Debug|Any CPU.Build.0 = Debug|Any CPU
		{C4EC656D-7C98-478A-8654-D061C51E1C79}.Release|Any CPU.ActiveCfg = Release|Any CPU
		{C4EC656D-7C98-478A-8654-D061C51E1C79}.Release|Any CPU.Build.0 = Release|Any CPU
	EndGlobalSection
	GlobalSection(SolutionProperties) = preSolution
		HideSolutionNode = FALSE
	EndGlobalSection
	GlobalSection(ExtensibilityGlobals) = postSolution
		SolutionGuid = {2D84C24C-07A6-40D2-A806-963557172AFB}
	EndGlobalSection
EndGlobal
